
Microsoft Visual Studio Solution File, Format Version 12.00
# Visual Studio 15
VisualStudioVersion = 15.0.26124.0
MinimumVisualStudioVersion = 15.0.26124.0
Project("{FAE04EC0-301F-11D3-BF4B-00C04F79EFBC}") = "Images.Web", "Images.Web\Images.Web.csproj", "{63F428EF-DBA1-4DA9-9322-EE69B0609A52}"
EndProject
Project("{FAE04EC0-301F-11D3-BF4B-00C04F79EFBC}") = "Images.Tests", "Images.Tests\Images.Tests.csproj", "{47E810D3-492F-4B45-8BD9-25B0022CADD8}"
EndProject
Project("{FAE04EC0-301F-11D3-BF4B-00C04F79EFBC}") = "Images.Common", "Images.Common\Images.Common.csproj", "{88A3741E-8659-415F-AF42-6E4058DAB810}"
EndProject
Project("{FAE04EC0-301F-11D3-BF4B-00C04F79EFBC}") = "Images.Model", "Images.Model\Images.Model.csproj", "{15567B76-B629-47C3-BCD4-62E5F27ABCFE}"
EndProject
Project("{FAE04EC0-301F-11D3-BF4B-00C04F79EFBC}") = "Images.DataAccess", "Images.DataAccess\Images.DataAccess.csproj", "{BB7ADC47-C913-4F4D-842D-65D4CBF111E5}"
EndProject
Project("{FAE04EC0-301F-11D3-BF4B-00C04F79EFBC}") = "Images.BusinessLogic", "Images.BusinessLogic\Images.BusinessLogic.csproj", "{CEB047F9-94A2-4821-92D3-9519A807BB5D}"
EndProject
Global
	GlobalSection(SolutionConfigurationPlatforms) = preSolution
		Debug|Any CPU = Debug|Any CPU
		Debug|x64 = Debug|x64
		Debug|x86 = Debug|x86
		Release|Any CPU = Release|Any CPU
		Release|x64 = Release|x64
		Release|x86 = Release|x86
	EndGlobalSection
	GlobalSection(SolutionProperties) = preSolution
		HideSolutionNode = FALSE
	EndGlobalSection
	GlobalSection(ProjectConfigurationPlatforms) = postSolution
		{63F428EF-DBA1-4DA9-9322-EE69B0609A52}.Debug|Any CPU.ActiveCfg = Debug|Any CPU
		{63F428EF-DBA1-4DA9-9322-EE69B0609A52}.Debug|Any CPU.Build.0 = Debug|Any CPU
		{63F428EF-DBA1-4DA9-9322-EE69B0609A52}.Debug|x64.ActiveCfg = Debug|Any CPU
		{63F428EF-DBA1-4DA9-9322-EE69B0609A52}.Debug|x64.Build.0 = Debug|Any CPU
		{63F428EF-DBA1-4DA9-9322-EE69B0609A52}.Debug|x86.ActiveCfg = Debug|Any CPU
		{63F428EF-DBA1-4DA9-9322-EE69B0609A52}.Debug|x86.Build.0 = Debug|Any CPU
		{63F428EF-DBA1-4DA9-9322-EE69B0609A52}.Release|Any CPU.ActiveCfg = Release|Any CPU
		{63F428EF-DBA1-4DA9-9322-EE69B0609A52}.Release|Any CPU.Build.0 = Release|Any CPU
		{63F428EF-DBA1-4DA9-9322-EE69B0609A52}.Release|x64.ActiveCfg = Release|Any CPU
		{63F428EF-DBA1-4DA9-9322-EE69B0609A52}.Release|x64.Build.0 = Release|Any CPU
		{63F428EF-DBA1-4DA9-9322-EE69B0609A52}.Release|x86.ActiveCfg = Release|Any CPU
		{63F428EF-DBA1-4DA9-9322-EE69B0609A52}.Release|x86.Build.0 = Release|Any CPU
		{47E810D3-492F-4B45-8BD9-25B0022CADD8}.Debug|Any CPU.ActiveCfg = Debug|Any CPU
		{47E810D3-492F-4B45-8BD9-25B0022CADD8}.Debug|Any CPU.Build.0 = Debug|Any CPU
		{47E810D3-492F-4B45-8BD9-25B0022CADD8}.Debug|x64.ActiveCfg = Debug|Any CPU
		{47E810D3-492F-4B45-8BD9-25B0022CADD8}.Debug|x64.Build.0 = Debug|Any CPU
		{47E810D3-492F-4B45-8BD9-25B0022CADD8}.Debug|x86.ActiveCfg = Debug|Any CPU
		{47E810D3-492F-4B45-8BD9-25B0022CADD8}.Debug|x86.Build.0 = Debug|Any CPU
		{47E810D3-492F-4B45-8BD9-25B0022CADD8}.Release|Any CPU.ActiveCfg = Release|Any CPU
		{47E810D3-492F-4B45-8BD9-25B0022CADD8}.Release|Any CPU.Build.0 = Release|Any CPU
		{47E810D3-492F-4B45-8BD9-25B0022CADD8}.Release|x64.ActiveCfg = Release|Any CPU
		{47E810D3-492F-4B45-8BD9-25B0022CADD8}.Release|x64.Build.0 = Release|Any CPU
		{47E810D3-492F-4B45-8BD9-25B0022CADD8}.Release|x86.ActiveCfg = Release|Any CPU
		{47E810D3-492F-4B45-8BD9-25B0022CADD8}.Release|x86.Build.0 = Release|Any CPU
		{88A3741E-8659-415F-AF42-6E4058DAB810}.Debug|Any CPU.ActiveCfg = Debug|Any CPU
		{88A3741E-8659-415F-AF42-6E4058DAB810}.Debug|Any CPU.Build.0 = Debug|Any CPU
		{88A3741E-8659-415F-AF42-6E4058DAB810}.Debug|x64.ActiveCfg = Debug|Any CPU
		{88A3741E-8659-415F-AF42-6E4058DAB810}.Debug|x64.Build.0 = Debug|Any CPU
		{88A3741E-8659-415F-AF42-6E4058DAB810}.Debug|x86.ActiveCfg = Debug|Any CPU
		{88A3741E-8659-415F-AF42-6E4058DAB810}.Debug|x86.Build.0 = Debug|Any CPU
		{88A3741E-8659-415F-AF42-6E4058DAB810}.Release|Any CPU.ActiveCfg = Release|Any CPU
		{88A3741E-8659-415F-AF42-6E4058DAB810}.Release|Any CPU.Build.0 = Release|Any CPU
		{88A3741E-8659-415F-AF42-6E4058DAB810}.Release|x64.ActiveCfg = Release|Any CPU
		{88A3741E-8659-415F-AF42-6E4058DAB810}.Release|x64.Build.0 = Release|Any CPU
		{88A3741E-8659-415F-AF42-6E4058DAB810}.Release|x86.ActiveCfg = Release|Any CPU
		{88A3741E-8659-415F-AF42-6E4058DAB810}.Release|x86.Build.0 = Release|Any CPU
		{15567B76-B629-47C3-BCD4-62E5F27ABCFE}.Debug|Any CPU.ActiveCfg = Debug|Any CPU
		{15567B76-B629-47C3-BCD4-62E5F27ABCFE}.Debug|Any CPU.Build.0 = Debug|Any CPU
		{15567B76-B629-47C3-BCD4-62E5F27ABCFE}.Debug|x64.ActiveCfg = Debug|Any CPU
		{15567B76-B629-47C3-BCD4-62E5F27ABCFE}.Debug|x64.Build.0 = Debug|Any CPU
		{15567B76-B629-47C3-BCD4-62E5F27ABCFE}.Debug|x86.ActiveCfg = Debug|Any CPU
		{15567B76-B629-47C3-BCD4-62E5F27ABCFE}.Debug|x86.Build.0 = Debug|Any CPU
		{15567B76-B629-47C3-BCD4-62E5F27ABCFE}.Release|Any CPU.ActiveCfg = Release|Any CPU
		{15567B76-B629-47C3-BCD4-62E5F27ABCFE}.Release|Any CPU.Build.0 = Release|Any CPU
		{15567B76-B629-47C3-BCD4-62E5F27ABCFE}.Release|x64.ActiveCfg = Release|Any CPU
		{15567B76-B629-47C3-BCD4-62E5F27ABCFE}.Release|x64.Build.0 = Release|Any CPU
		{15567B76-B629-47C3-BCD4-62E5F27ABCFE}.Release|x86.ActiveCfg = Release|Any CPU
		{15567B76-B629-47C3-BCD4-62E5F27ABCFE}.Release|x86.Build.0 = Release|Any CPU
		{BB7ADC47-C913-4F4D-842D-65D4CBF111E5}.Debug|Any CPU.ActiveCfg = Debug|Any CPU
		{BB7ADC47-C913-4F4D-842D-65D4CBF111E5}.Debug|Any CPU.Build.0 = Debug|Any CPU
		{BB7ADC47-C913-4F4D-842D-65D4CBF111E5}.Debug|x64.ActiveCfg = Debug|Any CPU
		{BB7ADC47-C913-4F4D-842D-65D4CBF111E5}.Debug|x64.Build.0 = Debug|Any CPU
		{BB7ADC47-C913-4F4D-842D-65D4CBF111E5}.Debug|x86.ActiveCfg = Debug|Any CPU
		{BB7ADC47-C913-4F4D-842D-65D4CBF111E5}.Debug|x86.Build.0 = Debug|Any CPU
		{BB7ADC47-C913-4F4D-842D-65D4CBF111E5}.Release|Any CPU.ActiveCfg = Release|Any CPU
		{BB7ADC47-C913-4F4D-842D-65D4CBF111E5}.Release|Any CPU.Build.0 = Release|Any CPU
		{BB7ADC47-C913-4F4D-842D-65D4CBF111E5}.Release|x64.ActiveCfg = Release|Any CPU
		{BB7ADC47-C913-4F4D-842D-65D4CBF111E5}.Release|x64.Build.0 = Release|Any CPU
		{BB7ADC47-C913-4F4D-842D-65D4CBF111E5}.Release|x86.ActiveCfg = Release|Any CPU
		{BB7ADC47-C913-4F4D-842D-65D4CBF111E5}.Release|x86.Build.0 = Release|Any CPU
		{CEB047F9-94A2-4821-92D3-9519A807BB5D}.Debug|Any CPU.ActiveCfg = Debug|Any CPU
		{CEB047F9-94A2-4821-92D3-9519A807BB5D}.Debug|Any CPU.Build.0 = Debug|Any CPU
		{CEB047F9-94A2-4821-92D3-9519A807BB5D}.Debug|x64.ActiveCfg = Debug|Any CPU
		{CEB047F9-94A2-4821-92D3-9519A807BB5D}.Debug|x64.Build.0 = Debug|Any CPU
		{CEB047F9-94A2-4821-92D3-9519A807BB5D}.Debug|x86.ActiveCfg = Debug|Any CPU
		{CEB047F9-94A2-4821-92D3-9519A807BB5D}.Debug|x86.Build.0 = Debug|Any CPU
		{CEB047F9-94A2-4821-92D3-9519A807BB5D}.Release|Any CPU.ActiveCfg = Release|Any CPU
		{CEB047F9-94A2-4821-92D3-9519A807BB5D}.Release|Any CPU.Build.0 = Release|Any CPU
		{CEB047F9-94A2-4821-92D3-9519A807BB5D}.Release|x64.ActiveCfg = Release|Any CPU
		{CEB047F9-94A2-4821-92D3-9519A807BB5D}.Release|x64.Build.0 = Release|Any CPU
		{CEB047F9-94A2-4821-92D3-9519A807BB5D}.Release|x86.ActiveCfg = Release|Any CPU
		{CEB047F9-94A2-4821-92D3-9519A807BB5D}.Release|x86.Build.0 = Release|Any CPU
	EndGlobalSection
EndGlobal
